// !$*UTF8*$!
{
	archiveVersion = 1;
	classes = {
	};
	objectVersion = 46;
	objects = {

/* Begin PBXBuildFile section */
		183913381703EAAB00BBEB1F /* main.c in Sources */ = {isa = PBXBuildFile; fileRef = 183913371703EAAB00BBEB1F /* main.c */; };
		1839133A1703EAAB00BBEB1F /* static___.1 in CopyFiles */ = {isa = PBXBuildFile; fileRef = 183913391703EAAB00BBEB1F /* static___.1 */; };
		183913411703EABD00BBEB1F /* one.c in Sources */ = {isa = PBXBuildFile; fileRef = 183913401703EABD00BBEB1F /* one.c */; };
/* End PBXBuildFile section */

/* Begin PBXCopyFilesBuildPhase section */
		183913311703EAAB00BBEB1F /* CopyFiles */ = {
			isa = PBXCopyFilesBuildPhase;
			buildActionMask = 2147483647;
			dstPath = /usr/share/man/man1/;
			dstSubfolderSpec = 0;
			files = (
				1839133A1703EAAB00BBEB1F /* static___.1 in CopyFiles */,
			);
			runOnlyForDeploymentPostprocessing = 1;
		};
/* End PBXCopyFilesBuildPhase section */

/* Begin PBXFileReference section */
		183913331703EAAB00BBEB1F /* static和变量 */ = {isa = PBXFileReference; explicitFileType = "compiled.mach-o.executable"; includeInIndex = 0; path = "static和变量"; sourceTree = BUILT_PRODUCTS_DIR; };
		183913371703EAAB00BBEB1F /* main.c */ = {isa = PBXFileReference; lastKnownFileType = sourcecode.c.c; path = main.c; sourceTree = "<group>"; };
		183913391703EAAB00BBEB1F /* static___.1 */ = {isa = PBXFileReference; lastKnownFileType = text.man; path = "static___.1"; sourceTree = "<group>"; };
		183913401703EABD00BBEB1F /* one.c */ = {isa = PBXFileReference; fileEncoding = 4; lastKnownFileType = sourcecode.c.c; path = one.c; sourceTree = "<group>"; };
/* End PBXFileReference section */

/* Begin PBXFrameworksBuildPhase section */
		183913301703EAAB00BBEB1F /* Frameworks */ = {
			isa = PBXFrameworksBuildPhase;
			buildActionMask = 2147483647;
			files = (
			);
			runOnlyForDeploymentPostprocessing = 0;
		};
/* End PBXFrameworksBuildPhase section */

/* Begin PBXGroup section */
		183913281703EAAB00BBEB1F = {
			isa = PBXGroup;
			children = (
				183913361703EAAB00BBEB1F /* static和变量 */,
				183913341703EAAB00BBEB1F /* Products */,
			);
			sourceTree = "<group>";
		};
		183913341703EAAB00BBEB1F /* Products */ = {
			isa = PBXGroup;
			children = (
				183913331703EAAB00BBEB1F /* static和变量 */,
			);
			name = Products;
			sourceTree = "<group>";
		};
		183913361703EAAB00BBEB1F /* static和变量 */ = {
			isa = PBXGroup;
			children = (
				183913371703EAAB00BBEB1F /* main.c */,
				183913391703EAAB00BBEB1F /* static___.1 */,
				183913401703EABD00BBEB1F /* one.c */,
			);
			path = "static和变量";
			sourceTree = "<group>";
		};
/* End PBXGroup section */

/* Begin PBXNativeTarget section */
		183913321703EAAB00BBEB1F /* static和变量 */ = {
			isa = PBXNativeTarget;
			buildConfigurationList = 1839133D1703EAAB00BBEB1F /* Build configuration list for PBXNativeTarget "static和变量" */;
			buildPhases = (
				1839132F1703EAAB00BBEB1F /* Sources */,
				183913301703EAAB00BBEB1F /* Frameworks */,
				183913311703EAAB00BBEB1F /* CopyFiles */,
			);
			buildRules = (
			);
			dependencies = (
			);
			name = "static和变量";
			productName = "static和变量";
			productReference = 183913331703EAAB00BBEB1F /* static和变量 */;
			productType = "com.apple.product-type.tool";
		};
/* End PBXNativeTarget section */

/* Begin PBXProject section */
		1839132A1703EAAB00BBEB1F /* Project object */ = {
			isa = PBXProject;
			attributes = {
				LastUpgradeCheck = 0450;
				ORGANIZATIONNAME = itcast;
			};
			buildConfigurationList = 1839132D1703EAAB00BBEB1F /* Build configuration list for PBXProject "static和变量" */;
			compatibilityVersion = "Xcode 3.2";
			developmentRegion = English;
			hasScannedForEncodings = 0;
			knownRegions = (
				en,
			);
			mainGroup = 183913281703EAAB00BBEB1F;
			productRefGroup = 183913341703EAAB00BBEB1F /* Products */;
			projectDirPath = "";
			projectRoot = "";
			targets = (
				183913321703EAAB00BBEB1F /* static和变量 */,
			);
		};
/* End PBXProject section */

/* Begin PBXSourcesBuildPhase section */
		1839132F1703EAAB00BBEB1F /* Sources */ = {
			isa = PBXSourcesBuildPhase;
			buildActionMask = 2147483647;
			files = (
				183913381703EAAB00BBEB1F /* main.c in Sources */,
				183913411703EABD00BBEB1F /* one.c in Sources */,
			);
			runOnlyForDeploymentPostprocessing = 0;
		};
/* End PBXSourcesBuildPhase section */

/* Begin XCBuildConfiguration section */
		1839133B1703EAAB00BBEB1F /* Debug */ = {
			isa = XCBuildConfiguration;
			buildSettings = {
				ALWAYS_SEARCH_USER_PATHS = NO;
				ARCHS = "$(ARCHS_STANDARD_64_BIT)";
				CLANG_CXX_LANGUAGE_STANDARD = "gnu++0x";
				CLANG_CXX_LIBRARY = "libc++";
				CLANG_WARN_EMPTY_BODY = YES;
				CLANG_WARN__DUPLICATE_METHOD_MATCH = YES;
				COPY_PHASE_STRIP = NO;
				GCC_C_LANGUAGE_STANDARD = gnu99;
				GCC_DYNAMIC_NO_PIC = NO;
				GCC_ENABLE_OBJC_EXCEPTIONS = YES;
				GCC_OPTIMIZATION_LEVEL = 0;
				GCC_PREPROCESSOR_DEFINITIONS = (
					"DEBUG=1",
					"$(inherited)",
				);
				GCC_SYMBOLS_PRIVATE_EXTERN = NO;
				GCC_WARN_64_TO_32_BIT_CONVERSION = YES;
				GCC_WARN_ABOUT_RETURN_TYPE = YES;
				GCC_WARN_UNINITIALIZED_AUTOS = YES;
				GCC_WARN_UNUSED_VARIABLE = YES;
				MACOSX_DEPLOYMENT_TARGET = 10.8;
				ONLY_ACTIVE_ARCH = YES;
				SDKROOT = macosx;
			};
			name = Debug;
		};
		1839133C1703EAAB00BBEB1F /* Release */ = {
			isa = XCBuildConfiguration;
			buildSettings = {
				ALWAYS_SEARCH_USER_PATHS = NO;
				ARCHS = "$(ARCHS_STANDARD_64_BIT)";
				CLANG_CXX_LANGUAGE_STANDARD = "gnu++0x";
				CLANG_CXX_LIBRARY = "libc++";
				CLANG_WARN_EMPTY_BODY = YES;
				CLANG_WARN__DUPLICATE_METHOD_MATCH = YES;
				COPY_PHASE_STRIP = YES;
				DEBUG_INFORMATION_FORMAT = "dwarf-with-dsym";
				GCC_C_LANGUAGE_STANDARD = gnu99;
				GCC_ENABLE_OBJC_EXCEPTIONS = YES;
				GCC_WARN_64_TO_32_BIT_CONVERSION = YES;
				GCC_WARN_ABOUT_RETURN_TYPE = YES;
				GCC_WARN_UNINITIALIZED_AUTOS = YES;
				GCC_WARN_UNUSED_VARIABLE = YES;
				MACOSX_DEPLOYMENT_TARGET = 10.8;
				SDKROOT = macosx;
			};
			name = Release;
		};
		1839133E1703EAAB00BBEB1F /* Debug */ = {
			isa = XCBuildConfiguration;
			buildSettings = {
				PRODUCT_NAME = "$(TARGET_NAME)";
			};
			name = Debug;
		};
		1839133F1703EAAB00BBEB1F /* Release */ = {
			isa = XCBuildConfiguration;
			buildSettings = {
				PRODUCT_NAME = "$(TARGET_NAME)";
			};
			name = Release;
		};
/* End XCBuildConfiguration section */

/* Begin XCConfigurationList section */
		1839132D1703EAAB00BBEB1F /* Build configuration list for PBXProject "static和变量" */ = {
			isa = XCConfigurationList;
			buildConfigurations = (
				1839133B1703EAAB00BBEB1F /* Debug */,
				1839133C1703EAAB00BBEB1F /* Release */,
			);
			defaultConfigurationIsVisible = 0;
			defaultConfigurationName = Release;
		};
		1839133D1703EAAB00BBEB1F /* Build configuration list for PBXNativeTarget "static和变量" */ = {
			isa = XCConfigurationList;
			buildConfigurations = (
				1839133E1703EAAB00BBEB1F /* Debug */,
				1839133F1703EAAB00BBEB1F /* Release */,
			);
			defaultConfigurationIsVisible = 0;
		};
/* End XCConfigurationList section */
	};
	rootObject = 1839132A1703EAAB00BBEB1F /* Project object */;
}
