// !$*UTF8*$!
{
	archiveVersion = 1;
	classes = {
	};
	objectVersion = 46;
	objects = {

/* Begin PBXBuildFile section */
		183912CE1703D10300BBEB1F /* main.c in Sources */ = {isa = PBXBuildFile; fileRef = 183912CD1703D10300BBEB1F /* main.c */; };
		183912D01703D10300BBEB1F /* ____.1 in CopyFiles */ = {isa = PBXBuildFile; fileRef = 183912CF1703D10300BBEB1F /* ____.1 */; };
/* End PBXBuildFile section */

/* Begin PBXCopyFilesBuildPhase section */
		183912C71703D10300BBEB1F /* CopyFiles */ = {
			isa = PBXCopyFilesBuildPhase;
			buildActionMask = 2147483647;
			dstPath = /usr/share/man/man1/;
			dstSubfolderSpec = 0;
			files = (
				183912D01703D10300BBEB1F /* ____.1 in CopyFiles */,
			);
			runOnlyForDeploymentPostprocessing = 1;
		};
/* End PBXCopyFilesBuildPhase section */

/* Begin PBXFileReference section */
		183912C91703D10300BBEB1F /* 变量类型 */ = {isa = PBXFileReference; explicitFileType = "compiled.mach-o.executable"; includeInIndex = 0; path = "变量类型"; sourceTree = BUILT_PRODUCTS_DIR; };
		183912CD1703D10300BBEB1F /* main.c */ = {isa = PBXFileReference; lastKnownFileType = sourcecode.c.c; path = main.c; sourceTree = "<group>"; };
		183912CF1703D10300BBEB1F /* ____.1 */ = {isa = PBXFileReference; lastKnownFileType = text.man; path = "____.1"; sourceTree = "<group>"; };
/* End PBXFileReference section */

/* Begin PBXFrameworksBuildPhase section */
		183912C61703D10300BBEB1F /* Frameworks */ = {
			isa = PBXFrameworksBuildPhase;
			buildActionMask = 2147483647;
			files = (
			);
			runOnlyForDeploymentPostprocessing = 0;
		};
/* End PBXFrameworksBuildPhase section */

/* Begin PBXGroup section */
		183912BE1703D10300BBEB1F = {
			isa = PBXGroup;
			children = (
				183912CC1703D10300BBEB1F /* 变量类型 */,
				183912CA1703D10300BBEB1F /* Products */,
			);
			sourceTree = "<group>";
		};
		183912CA1703D10300BBEB1F /* Products */ = {
			isa = PBXGroup;
			children = (
				183912C91703D10300BBEB1F /* 变量类型 */,
			);
			name = Products;
			sourceTree = "<group>";
		};
		183912CC1703D10300BBEB1F /* 变量类型 */ = {
			isa = PBXGroup;
			children = (
				183912CD1703D10300BBEB1F /* main.c */,
				183912CF1703D10300BBEB1F /* ____.1 */,
			);
			path = "变量类型";
			sourceTree = "<group>";
		};
/* End PBXGroup section */

/* Begin PBXNativeTarget section */
		183912C81703D10300BBEB1F /* 变量类型 */ = {
			isa = PBXNativeTarget;
			buildConfigurationList = 183912D31703D10300BBEB1F /* Build configuration list for PBXNativeTarget "变量类型" */;
			buildPhases = (
				183912C51703D10300BBEB1F /* Sources */,
				183912C61703D10300BBEB1F /* Frameworks */,
				183912C71703D10300BBEB1F /* CopyFiles */,
			);
			buildRules = (
			);
			dependencies = (
			);
			name = "变量类型";
			productName = "变量类型";
			productReference = 183912C91703D10300BBEB1F /* 变量类型 */;
			productType = "com.apple.product-type.tool";
		};
/* End PBXNativeTarget section */

/* Begin PBXProject section */
		183912C01703D10300BBEB1F /* Project object */ = {
			isa = PBXProject;
			attributes = {
				LastUpgradeCheck = 0450;
				ORGANIZATIONNAME = itcast;
			};
			buildConfigurationList = 183912C31703D10300BBEB1F /* Build configuration list for PBXProject "变量类型" */;
			compatibilityVersion = "Xcode 3.2";
			developmentRegion = English;
			hasScannedForEncodings = 0;
			knownRegions = (
				en,
			);
			mainGroup = 183912BE1703D10300BBEB1F;
			productRefGroup = 183912CA1703D10300BBEB1F /* Products */;
			projectDirPath = "";
			projectRoot = "";
			targets = (
				183912C81703D10300BBEB1F /* 变量类型 */,
			);
		};
/* End PBXProject section */

/* Begin PBXSourcesBuildPhase section */
		183912C51703D10300BBEB1F /* Sources */ = {
			isa = PBXSourcesBuildPhase;
			buildActionMask = 2147483647;
			files = (
				183912CE1703D10300BBEB1F /* main.c in Sources */,
			);
			runOnlyForDeploymentPostprocessing = 0;
		};
/* End PBXSourcesBuildPhase section */

/* Begin XCBuildConfiguration section */
		183912D11703D10300BBEB1F /* Debug */ = {
			isa = XCBuildConfiguration;
			buildSettings = {
				ALWAYS_SEARCH_USER_PATHS = NO;
				ARCHS = "$(ARCHS_STANDARD_64_BIT)";
				CLANG_CXX_LANGUAGE_STANDARD = "gnu++0x";
				CLANG_CXX_LIBRARY = "libc++";
				CLANG_WARN_EMPTY_BODY = YES;
				CLANG_WARN__DUPLICATE_METHOD_MATCH = YES;
				COPY_PHASE_STRIP = NO;
				GCC_C_LANGUAGE_STANDARD = gnu99;
				GCC_DYNAMIC_NO_PIC = NO;
				GCC_ENABLE_OBJC_EXCEPTIONS = YES;
				GCC_OPTIMIZATION_LEVEL = 0;
				GCC_PREPROCESSOR_DEFINITIONS = (
					"DEBUG=1",
					"$(inherited)",
				);
				GCC_SYMBOLS_PRIVATE_EXTERN = NO;
				GCC_WARN_64_TO_32_BIT_CONVERSION = YES;
				GCC_WARN_ABOUT_RETURN_TYPE = YES;
				GCC_WARN_UNINITIALIZED_AUTOS = YES;
				GCC_WARN_UNUSED_VARIABLE = YES;
				MACOSX_DEPLOYMENT_TARGET = 10.8;
				ONLY_ACTIVE_ARCH = YES;
				SDKROOT = macosx;
			};
			name = Debug;
		};
		183912D21703D10300BBEB1F /* Release */ = {
			isa = XCBuildConfiguration;
			buildSettings = {
				ALWAYS_SEARCH_USER_PATHS = NO;
				ARCHS = "$(ARCHS_STANDARD_64_BIT)";
				CLANG_CXX_LANGUAGE_STANDARD = "gnu++0x";
				CLANG_CXX_LIBRARY = "libc++";
				CLANG_WARN_EMPTY_BODY = YES;
				CLANG_WARN__DUPLICATE_METHOD_MATCH = YES;
				COPY_PHASE_STRIP = YES;
				DEBUG_INFORMATION_FORMAT = "dwarf-with-dsym";
				GCC_C_LANGUAGE_STANDARD = gnu99;
				GCC_ENABLE_OBJC_EXCEPTIONS = YES;
				GCC_WARN_64_TO_32_BIT_CONVERSION = YES;
				GCC_WARN_ABOUT_RETURN_TYPE = YES;
				GCC_WARN_UNINITIALIZED_AUTOS = YES;
				GCC_WARN_UNUSED_VARIABLE = YES;
				MACOSX_DEPLOYMENT_TARGET = 10.8;
				SDKROOT = macosx;
			};
			name = Release;
		};
		183912D41703D10300BBEB1F /* Debug */ = {
			isa = XCBuildConfiguration;
			buildSettings = {
				PRODUCT_NAME = "$(TARGET_NAME)";
			};
			name = Debug;
		};
		183912D51703D10300BBEB1F /* Release */ = {
			isa = XCBuildConfiguration;
			buildSettings = {
				PRODUCT_NAME = "$(TARGET_NAME)";
			};
			name = Release;
		};
/* End XCBuildConfiguration section */

/* Begin XCConfigurationList section */
		183912C31703D10300BBEB1F /* Build configuration list for PBXProject "变量类型" */ = {
			isa = XCConfigurationList;
			buildConfigurations = (
				183912D11703D10300BBEB1F /* Debug */,
				183912D21703D10300BBEB1F /* Release */,
			);
			defaultConfigurationIsVisible = 0;
			defaultConfigurationName = Release;
		};
		183912D31703D10300BBEB1F /* Build configuration list for PBXNativeTarget "变量类型" */ = {
			isa = XCConfigurationList;
			buildConfigurations = (
				183912D41703D10300BBEB1F /* Debug */,
				183912D51703D10300BBEB1F /* Release */,
			);
			defaultConfigurationIsVisible = 0;
		};
/* End XCConfigurationList section */
	};
	rootObject = 183912C01703D10300BBEB1F /* Project object */;
}
