// !$*UTF8*$!
{
	archiveVersion = 1;
	classes = {
	};
	objectVersion = 46;
	objects = {

/* Begin PBXBuildFile section */
		180E2DDA17110939003C90D3 /* Foundation.framework in Frameworks */ = {isa = PBXBuildFile; fileRef = 180E2DD917110939003C90D3 /* Foundation.framework */; };
		180E2DDD17110939003C90D3 /* main.m in Sources */ = {isa = PBXBuildFile; fileRef = 180E2DDC17110939003C90D3 /* main.m */; };
		180E2DE117110939003C90D3 /* Foundation10_NSMUtableDictonary.1 in CopyFiles */ = {isa = PBXBuildFile; fileRef = 180E2DE017110939003C90D3 /* Foundation10_NSMUtableDictonary.1 */; };
		180E2DF217110C8D003C90D3 /* Student.m in Sources */ = {isa = PBXBuildFile; fileRef = 180E2DF117110AD5003C90D3 /* Student.m */; };
/* End PBXBuildFile section */

/* Begin PBXCopyFilesBuildPhase section */
		180E2DD317110939003C90D3 /* CopyFiles */ = {
			isa = PBXCopyFilesBuildPhase;
			buildActionMask = 2147483647;
			dstPath = /usr/share/man/man1/;
			dstSubfolderSpec = 0;
			files = (
				180E2DE117110939003C90D3 /* Foundation10_NSMUtableDictonary.1 in CopyFiles */,
			);
			runOnlyForDeploymentPostprocessing = 1;
		};
/* End PBXCopyFilesBuildPhase section */

/* Begin PBXFileReference section */
		180E2DD517110939003C90D3 /* Foundation10-NSMUtableDictonary */ = {isa = PBXFileReference; explicitFileType = "compiled.mach-o.executable"; includeInIndex = 0; path = "Foundation10-NSMUtableDictonary"; sourceTree = BUILT_PRODUCTS_DIR; };
		180E2DD917110939003C90D3 /* Foundation.framework */ = {isa = PBXFileReference; lastKnownFileType = wrapper.framework; name = Foundation.framework; path = System/Library/Frameworks/Foundation.framework; sourceTree = SDKROOT; };
		180E2DDC17110939003C90D3 /* main.m */ = {isa = PBXFileReference; lastKnownFileType = sourcecode.c.objc; path = main.m; sourceTree = "<group>"; };
		180E2DDF17110939003C90D3 /* Foundation10-NSMUtableDictonary-Prefix.pch */ = {isa = PBXFileReference; lastKnownFileType = sourcecode.c.h; path = "Foundation10-NSMUtableDictonary-Prefix.pch"; sourceTree = "<group>"; };
		180E2DE017110939003C90D3 /* Foundation10_NSMUtableDictonary.1 */ = {isa = PBXFileReference; lastKnownFileType = text.man; path = Foundation10_NSMUtableDictonary.1; sourceTree = "<group>"; };
		180E2DF017110AD5003C90D3 /* Student.h */ = {isa = PBXFileReference; lastKnownFileType = sourcecode.c.h; path = Student.h; sourceTree = "<group>"; };
		180E2DF117110AD5003C90D3 /* Student.m */ = {isa = PBXFileReference; lastKnownFileType = sourcecode.c.objc; path = Student.m; sourceTree = "<group>"; };
/* End PBXFileReference section */

/* Begin PBXFrameworksBuildPhase section */
		180E2DD217110939003C90D3 /* Frameworks */ = {
			isa = PBXFrameworksBuildPhase;
			buildActionMask = 2147483647;
			files = (
				180E2DDA17110939003C90D3 /* Foundation.framework in Frameworks */,
			);
			runOnlyForDeploymentPostprocessing = 0;
		};
/* End PBXFrameworksBuildPhase section */

/* Begin PBXGroup section */
		180E2DCA17110939003C90D3 = {
			isa = PBXGroup;
			children = (
				180E2DDB17110939003C90D3 /* Foundation10-NSMUtableDictonary */,
				180E2DD817110939003C90D3 /* Frameworks */,
				180E2DD617110939003C90D3 /* Products */,
			);
			sourceTree = "<group>";
		};
		180E2DD617110939003C90D3 /* Products */ = {
			isa = PBXGroup;
			children = (
				180E2DD517110939003C90D3 /* Foundation10-NSMUtableDictonary */,
			);
			name = Products;
			sourceTree = "<group>";
		};
		180E2DD817110939003C90D3 /* Frameworks */ = {
			isa = PBXGroup;
			children = (
				180E2DD917110939003C90D3 /* Foundation.framework */,
			);
			name = Frameworks;
			sourceTree = "<group>";
		};
		180E2DDB17110939003C90D3 /* Foundation10-NSMUtableDictonary */ = {
			isa = PBXGroup;
			children = (
				180E2DF017110AD5003C90D3 /* Student.h */,
				180E2DF117110AD5003C90D3 /* Student.m */,
				180E2DDC17110939003C90D3 /* main.m */,
				180E2DE017110939003C90D3 /* Foundation10_NSMUtableDictonary.1 */,
				180E2DDE17110939003C90D3 /* Supporting Files */,
			);
			path = "Foundation10-NSMUtableDictonary";
			sourceTree = "<group>";
		};
		180E2DDE17110939003C90D3 /* Supporting Files */ = {
			isa = PBXGroup;
			children = (
				180E2DDF17110939003C90D3 /* Foundation10-NSMUtableDictonary-Prefix.pch */,
			);
			name = "Supporting Files";
			sourceTree = "<group>";
		};
/* End PBXGroup section */

/* Begin PBXNativeTarget section */
		180E2DD417110939003C90D3 /* Foundation10-NSMUtableDictonary */ = {
			isa = PBXNativeTarget;
			buildConfigurationList = 180E2DE417110939003C90D3 /* Build configuration list for PBXNativeTarget "Foundation10-NSMUtableDictonary" */;
			buildPhases = (
				180E2DD117110939003C90D3 /* Sources */,
				180E2DD217110939003C90D3 /* Frameworks */,
				180E2DD317110939003C90D3 /* CopyFiles */,
			);
			buildRules = (
			);
			dependencies = (
			);
			name = "Foundation10-NSMUtableDictonary";
			productName = "Foundation10-NSMUtableDictonary";
			productReference = 180E2DD517110939003C90D3 /* Foundation10-NSMUtableDictonary */;
			productType = "com.apple.product-type.tool";
		};
/* End PBXNativeTarget section */

/* Begin PBXProject section */
		180E2DCC17110939003C90D3 /* Project object */ = {
			isa = PBXProject;
			attributes = {
				LastUpgradeCheck = 0450;
				ORGANIZATIONNAME = itcast;
			};
			buildConfigurationList = 180E2DCF17110939003C90D3 /* Build configuration list for PBXProject "Foundation10-NSMUtableDictonary" */;
			compatibilityVersion = "Xcode 3.2";
			developmentRegion = English;
			hasScannedForEncodings = 0;
			knownRegions = (
				en,
			);
			mainGroup = 180E2DCA17110939003C90D3;
			productRefGroup = 180E2DD617110939003C90D3 /* Products */;
			projectDirPath = "";
			projectRoot = "";
			targets = (
				180E2DD417110939003C90D3 /* Foundation10-NSMUtableDictonary */,
			);
		};
/* End PBXProject section */

/* Begin PBXSourcesBuildPhase section */
		180E2DD117110939003C90D3 /* Sources */ = {
			isa = PBXSourcesBuildPhase;
			buildActionMask = 2147483647;
			files = (
				180E2DF217110C8D003C90D3 /* Student.m in Sources */,
				180E2DDD17110939003C90D3 /* main.m in Sources */,
			);
			runOnlyForDeploymentPostprocessing = 0;
		};
/* End PBXSourcesBuildPhase section */

/* Begin XCBuildConfiguration section */
		180E2DE217110939003C90D3 /* Debug */ = {
			isa = XCBuildConfiguration;
			buildSettings = {
				ALWAYS_SEARCH_USER_PATHS = NO;
				ARCHS = "$(ARCHS_STANDARD_64_BIT)";
				CLANG_CXX_LANGUAGE_STANDARD = "gnu++0x";
				CLANG_CXX_LIBRARY = "libc++";
				CLANG_WARN_EMPTY_BODY = YES;
				CLANG_WARN__DUPLICATE_METHOD_MATCH = YES;
				COPY_PHASE_STRIP = NO;
				GCC_C_LANGUAGE_STANDARD = gnu99;
				GCC_DYNAMIC_NO_PIC = NO;
				GCC_ENABLE_OBJC_EXCEPTIONS = YES;
				GCC_OPTIMIZATION_LEVEL = 0;
				GCC_PREPROCESSOR_DEFINITIONS = (
					"DEBUG=1",
					"$(inherited)",
				);
				GCC_SYMBOLS_PRIVATE_EXTERN = NO;
				GCC_WARN_64_TO_32_BIT_CONVERSION = YES;
				GCC_WARN_ABOUT_RETURN_TYPE = YES;
				GCC_WARN_UNINITIALIZED_AUTOS = YES;
				GCC_WARN_UNUSED_VARIABLE = YES;
				MACOSX_DEPLOYMENT_TARGET = 10.8;
				ONLY_ACTIVE_ARCH = YES;
				SDKROOT = macosx;
			};
			name = Debug;
		};
		180E2DE317110939003C90D3 /* Release */ = {
			isa = XCBuildConfiguration;
			buildSettings = {
				ALWAYS_SEARCH_USER_PATHS = NO;
				ARCHS = "$(ARCHS_STANDARD_64_BIT)";
				CLANG_CXX_LANGUAGE_STANDARD = "gnu++0x";
				CLANG_CXX_LIBRARY = "libc++";
				CLANG_WARN_EMPTY_BODY = YES;
				CLANG_WARN__DUPLICATE_METHOD_MATCH = YES;
				COPY_PHASE_STRIP = YES;
				DEBUG_INFORMATION_FORMAT = "dwarf-with-dsym";
				GCC_C_LANGUAGE_STANDARD = gnu99;
				GCC_ENABLE_OBJC_EXCEPTIONS = YES;
				GCC_WARN_64_TO_32_BIT_CONVERSION = YES;
				GCC_WARN_ABOUT_RETURN_TYPE = YES;
				GCC_WARN_UNINITIALIZED_AUTOS = YES;
				GCC_WARN_UNUSED_VARIABLE = YES;
				MACOSX_DEPLOYMENT_TARGET = 10.8;
				SDKROOT = macosx;
			};
			name = Release;
		};
		180E2DE517110939003C90D3 /* Debug */ = {
			isa = XCBuildConfiguration;
			buildSettings = {
				GCC_PRECOMPILE_PREFIX_HEADER = YES;
				GCC_PREFIX_HEADER = "Foundation10-NSMUtableDictonary/Foundation10-NSMUtableDictonary-Prefix.pch";
				PRODUCT_NAME = "$(TARGET_NAME)";
			};
			name = Debug;
		};
		180E2DE617110939003C90D3 /* Release */ = {
			isa = XCBuildConfiguration;
			buildSettings = {
				GCC_PRECOMPILE_PREFIX_HEADER = YES;
				GCC_PREFIX_HEADER = "Foundation10-NSMUtableDictonary/Foundation10-NSMUtableDictonary-Prefix.pch";
				PRODUCT_NAME = "$(TARGET_NAME)";
			};
			name = Release;
		};
/* End XCBuildConfiguration section */

/* Begin XCConfigurationList section */
		180E2DCF17110939003C90D3 /* Build configuration list for PBXProject "Foundation10-NSMUtableDictonary" */ = {
			isa = XCConfigurationList;
			buildConfigurations = (
				180E2DE217110939003C90D3 /* Debug */,
				180E2DE317110939003C90D3 /* Release */,
			);
			defaultConfigurationIsVisible = 0;
			defaultConfigurationName = Release;
		};
		180E2DE417110939003C90D3 /* Build configuration list for PBXNativeTarget "Foundation10-NSMUtableDictonary" */ = {
			isa = XCConfigurationList;
			buildConfigurations = (
				180E2DE517110939003C90D3 /* Debug */,
				180E2DE617110939003C90D3 /* Release */,
			);
			defaultConfigurationIsVisible = 0;
		};
/* End XCConfigurationList section */
	};
	rootObject = 180E2DCC17110939003C90D3 /* Project object */;
}
