// !$*UTF8*$!
{
	archiveVersion = 1;
	classes = {
	};
	objectVersion = 46;
	objects = {

/* Begin PBXBuildFile section */
		180E5E1117015292005B996B /* main.c in Sources */ = {isa = PBXBuildFile; fileRef = 180E5E1017015292005B996B /* main.c */; };
		180E5E1317015292005B996B /* __.1 in CopyFiles */ = {isa = PBXBuildFile; fileRef = 180E5E1217015292005B996B /* __.1 */; };
/* End PBXBuildFile section */

/* Begin PBXCopyFilesBuildPhase section */
		180E5E0A17015292005B996B /* CopyFiles */ = {
			isa = PBXCopyFilesBuildPhase;
			buildActionMask = 2147483647;
			dstPath = /usr/share/man/man1/;
			dstSubfolderSpec = 0;
			files = (
				180E5E1317015292005B996B /* __.1 in CopyFiles */,
			);
			runOnlyForDeploymentPostprocessing = 1;
		};
/* End PBXCopyFilesBuildPhase section */

/* Begin PBXFileReference section */
		180E5E0C17015292005B996B /* 指针 */ = {isa = PBXFileReference; explicitFileType = "compiled.mach-o.executable"; includeInIndex = 0; path = "指针"; sourceTree = BUILT_PRODUCTS_DIR; };
		180E5E1017015292005B996B /* main.c */ = {isa = PBXFileReference; lastKnownFileType = sourcecode.c.c; path = main.c; sourceTree = "<group>"; };
		180E5E1217015292005B996B /* __.1 */ = {isa = PBXFileReference; lastKnownFileType = text.man; path = __.1; sourceTree = "<group>"; };
/* End PBXFileReference section */

/* Begin PBXFrameworksBuildPhase section */
		180E5E0917015292005B996B /* Frameworks */ = {
			isa = PBXFrameworksBuildPhase;
			buildActionMask = 2147483647;
			files = (
			);
			runOnlyForDeploymentPostprocessing = 0;
		};
/* End PBXFrameworksBuildPhase section */

/* Begin PBXGroup section */
		180E5E0117015292005B996B = {
			isa = PBXGroup;
			children = (
				180E5E0F17015292005B996B /* 指针 */,
				180E5E0D17015292005B996B /* Products */,
			);
			sourceTree = "<group>";
		};
		180E5E0D17015292005B996B /* Products */ = {
			isa = PBXGroup;
			children = (
				180E5E0C17015292005B996B /* 指针 */,
			);
			name = Products;
			sourceTree = "<group>";
		};
		180E5E0F17015292005B996B /* 指针 */ = {
			isa = PBXGroup;
			children = (
				180E5E1017015292005B996B /* main.c */,
				180E5E1217015292005B996B /* __.1 */,
			);
			path = "指针";
			sourceTree = "<group>";
		};
/* End PBXGroup section */

/* Begin PBXNativeTarget section */
		180E5E0B17015292005B996B /* 指针 */ = {
			isa = PBXNativeTarget;
			buildConfigurationList = 180E5E1617015292005B996B /* Build configuration list for PBXNativeTarget "指针" */;
			buildPhases = (
				180E5E0817015292005B996B /* Sources */,
				180E5E0917015292005B996B /* Frameworks */,
				180E5E0A17015292005B996B /* CopyFiles */,
			);
			buildRules = (
			);
			dependencies = (
			);
			name = "指针";
			productName = "指针";
			productReference = 180E5E0C17015292005B996B /* 指针 */;
			productType = "com.apple.product-type.tool";
		};
/* End PBXNativeTarget section */

/* Begin PBXProject section */
		180E5E0317015292005B996B /* Project object */ = {
			isa = PBXProject;
			attributes = {
				LastUpgradeCheck = 0450;
				ORGANIZATIONNAME = itcast;
			};
			buildConfigurationList = 180E5E0617015292005B996B /* Build configuration list for PBXProject "指针" */;
			compatibilityVersion = "Xcode 3.2";
			developmentRegion = English;
			hasScannedForEncodings = 0;
			knownRegions = (
				en,
			);
			mainGroup = 180E5E0117015292005B996B;
			productRefGroup = 180E5E0D17015292005B996B /* Products */;
			projectDirPath = "";
			projectRoot = "";
			targets = (
				180E5E0B17015292005B996B /* 指针 */,
			);
		};
/* End PBXProject section */

/* Begin PBXSourcesBuildPhase section */
		180E5E0817015292005B996B /* Sources */ = {
			isa = PBXSourcesBuildPhase;
			buildActionMask = 2147483647;
			files = (
				180E5E1117015292005B996B /* main.c in Sources */,
			);
			runOnlyForDeploymentPostprocessing = 0;
		};
/* End PBXSourcesBuildPhase section */

/* Begin XCBuildConfiguration section */
		180E5E1417015292005B996B /* Debug */ = {
			isa = XCBuildConfiguration;
			buildSettings = {
				ALWAYS_SEARCH_USER_PATHS = NO;
				ARCHS = "$(ARCHS_STANDARD_64_BIT)";
				CLANG_CXX_LANGUAGE_STANDARD = "gnu++0x";
				CLANG_CXX_LIBRARY = "libc++";
				CLANG_WARN_EMPTY_BODY = YES;
				CLANG_WARN__DUPLICATE_METHOD_MATCH = YES;
				COPY_PHASE_STRIP = NO;
				GCC_C_LANGUAGE_STANDARD = gnu99;
				GCC_DYNAMIC_NO_PIC = NO;
				GCC_ENABLE_OBJC_EXCEPTIONS = YES;
				GCC_OPTIMIZATION_LEVEL = 0;
				GCC_PREPROCESSOR_DEFINITIONS = (
					"DEBUG=1",
					"$(inherited)",
				);
				GCC_SYMBOLS_PRIVATE_EXTERN = NO;
				GCC_WARN_64_TO_32_BIT_CONVERSION = YES;
				GCC_WARN_ABOUT_RETURN_TYPE = YES;
				GCC_WARN_UNINITIALIZED_AUTOS = YES;
				GCC_WARN_UNUSED_VARIABLE = YES;
				MACOSX_DEPLOYMENT_TARGET = 10.8;
				ONLY_ACTIVE_ARCH = YES;
				SDKROOT = macosx;
			};
			name = Debug;
		};
		180E5E1517015292005B996B /* Release */ = {
			isa = XCBuildConfiguration;
			buildSettings = {
				ALWAYS_SEARCH_USER_PATHS = NO;
				ARCHS = "$(ARCHS_STANDARD_64_BIT)";
				CLANG_CXX_LANGUAGE_STANDARD = "gnu++0x";
				CLANG_CXX_LIBRARY = "libc++";
				CLANG_WARN_EMPTY_BODY = YES;
				CLANG_WARN__DUPLICATE_METHOD_MATCH = YES;
				COPY_PHASE_STRIP = YES;
				DEBUG_INFORMATION_FORMAT = "dwarf-with-dsym";
				GCC_C_LANGUAGE_STANDARD = gnu99;
				GCC_ENABLE_OBJC_EXCEPTIONS = YES;
				GCC_WARN_64_TO_32_BIT_CONVERSION = YES;
				GCC_WARN_ABOUT_RETURN_TYPE = YES;
				GCC_WARN_UNINITIALIZED_AUTOS = YES;
				GCC_WARN_UNUSED_VARIABLE = YES;
				MACOSX_DEPLOYMENT_TARGET = 10.8;
				SDKROOT = macosx;
			};
			name = Release;
		};
		180E5E1717015292005B996B /* Debug */ = {
			isa = XCBuildConfiguration;
			buildSettings = {
				PRODUCT_NAME = "$(TARGET_NAME)";
			};
			name = Debug;
		};
		180E5E1817015292005B996B /* Release */ = {
			isa = XCBuildConfiguration;
			buildSettings = {
				PRODUCT_NAME = "$(TARGET_NAME)";
			};
			name = Release;
		};
/* End XCBuildConfiguration section */

/* Begin XCConfigurationList section */
		180E5E0617015292005B996B /* Build configuration list for PBXProject "指针" */ = {
			isa = XCConfigurationList;
			buildConfigurations = (
				180E5E1417015292005B996B /* Debug */,
				180E5E1517015292005B996B /* Release */,
			);
			defaultConfigurationIsVisible = 0;
			defaultConfigurationName = Release;
		};
		180E5E1617015292005B996B /* Build configuration list for PBXNativeTarget "指针" */ = {
			isa = XCConfigurationList;
			buildConfigurations = (
				180E5E1717015292005B996B /* Debug */,
				180E5E1817015292005B996B /* Release */,
			);
			defaultConfigurationIsVisible = 0;
		};
/* End XCConfigurationList section */
	};
	rootObject = 180E5E0317015292005B996B /* Project object */;
}
